// !$*UTF8*$!
{
	archiveVersion = 1;
	classes = {
	};
	objectVersion = 46;
	objects = {

/* Begin PBXBuildFile section */
		3F70CADD1D38505000D77587 /* AppDelegate.swift in Sources */ = {isa = PBXBuildFile; fileRef = 3F70CADC1D38505000D77587 /* AppDelegate.swift */; };
		3F70CADF1D38505000D77587 /* ViewController.swift in Sources */ = {isa = PBXBuildFile; fileRef = 3F70CADE1D38505000D77587 /* ViewController.swift */; };
		3F70CAE21D38505000D77587 /* Main.storyboard in Resources */ = {isa = PBXBuildFile; fileRef = 3F70CAE01D38505000D77587 /* Main.storyboard */; };
		3F70CAE41D38505000D77587 /* Assets.xcassets in Resources */ = {isa = PBXBuildFile; fileRef = 3F70CAE31D38505000D77587 /* Assets.xcassets */; };
		3F70CAE71D38505000D77587 /* LaunchScreen.storyboard in Resources */ = {isa = PBXBuildFile; fileRef = 3F70CAE51D38505000D77587 /* LaunchScreen.storyboard */; };
		3F70CAF21D38505100D77587 /* InClass04_b_Tests.swift in Sources */ = {isa = PBXBuildFile; fileRef = 3F70CAF11D38505100D77587 /* InClass04_b_Tests.swift */; };
		3F70CAFD1D38505100D77587 /* InClass04_b_UITests.swift in Sources */ = {isa = PBXBuildFile; fileRef = 3F70CAFC1D38505100D77587 /* InClass04_b_UITests.swift */; };
		3F70CB0C1D38512A00D77587 /* ic_action_next_item.png in Resources */ = {isa = PBXBuildFile; fileRef = 3F70CB0A1D38512A00D77587 /* ic_action_next_item.png */; };
		3F70CB0D1D38512A00D77587 /* ic_action_previous_item.png in Resources */ = {isa = PBXBuildFile; fileRef = 3F70CB0B1D38512A00D77587 /* ic_action_previous_item.png */; };
/* End PBXBuildFile section */

/* Begin PBXContainerItemProxy section */
		3F70CAEE1D38505100D77587 /* PBXContainerItemProxy */ = {
			isa = PBXContainerItemProxy;
			containerPortal = 3F70CAD11D38505000D77587 /* Project object */;
			proxyType = 1;
			remoteGlobalIDString = 3F70CAD81D38505000D77587;
			remoteInfo = "InClass04(b)";
		};
		3F70CAF91D38505100D77587 /* PBXContainerItemProxy */ = {
			isa = PBXContainerItemProxy;
			containerPortal = 3F70CAD11D38505000D77587 /* Project object */;
			proxyType = 1;
			remoteGlobalIDString = 3F70CAD81D38505000D77587;
			remoteInfo = "InClass04(b)";
		};
/* End PBXContainerItemProxy section */

/* Begin PBXFileReference section */
		3F70CAD91D38505000D77587 /* InClass04(b).app */ = {isa = PBXFileReference; explicitFileType = wrapper.application; includeInIndex = 0; path = "InClass04(b).app"; sourceTree = BUILT_PRODUCTS_DIR; };
		3F70CADC1D38505000D77587 /* AppDelegate.swift */ = {isa = PBXFileReference; lastKnownFileType = sourcecode.swift; path = AppDelegate.swift; sourceTree = "<group>"; };
		3F70CADE1D38505000D77587 /* ViewController.swift */ = {isa = PBXFileReference; lastKnownFileType = sourcecode.swift; path = ViewController.swift; sourceTree = "<group>"; };
		3F70CAE11D38505000D77587 /* Base */ = {isa = PBXFileReference; lastKnownFileType = file.storyboard; name = Base; path = Base.lproj/Main.storyboard; sourceTree = "<group>"; };
		3F70CAE31D38505000D77587 /* Assets.xcassets */ = {isa = PBXFileReference; lastKnownFileType = folder.assetcatalog; path = Assets.xcassets; sourceTree = "<group>"; };
		3F70CAE61D38505000D77587 /* Base */ = {isa = PBXFileReference; lastKnownFileType = file.storyboard; name = Base; path = Base.lproj/LaunchScreen.storyboard; sourceTree = "<group>"; };
		3F70CAE81D38505000D77587 /* Info.plist */ = {isa = PBXFileReference; lastKnownFileType = text.plist.xml; path = Info.plist; sourceTree = "<group>"; };
		3F70CAED1D38505100D77587 /* InClass04(b)Tests.xctest */ = {isa = PBXFileReference; explicitFileType = wrapper.cfbundle; includeInIndex = 0; path = "InClass04(b)Tests.xctest"; sourceTree = BUILT_PRODUCTS_DIR; };
		3F70CAF11D38505100D77587 /* InClass04_b_Tests.swift */ = {isa = PBXFileReference; lastKnownFileType = sourcecode.swift; path = InClass04_b_Tests.swift; sourceTree = "<group>"; };
		3F70CAF31D38505100D77587 /* Info.plist */ = {isa = PBXFileReference; lastKnownFileType = text.plist.xml; path = Info.plist; sourceTree = "<group>"; };
		3F70CAF81D38505100D77587 /* InClass04(b)UITests.xctest */ = {isa = PBXFileReference; explicitFileType = wrapper.cfbundle; includeInIndex = 0; path = "InClass04(b)UITests.xctest"; sourceTree = BUILT_PRODUCTS_DIR; };
		3F70CAFC1D38505100D77587 /* InClass04_b_UITests.swift */ = {isa = PBXFileReference; lastKnownFileType = sourcecode.swift; path = InClass04_b_UITests.swift; sourceTree = "<group>"; };
		3F70CAFE1D38505100D77587 /* Info.plist */ = {isa = PBXFileReference; lastKnownFileType = text.plist.xml; path = Info.plist; sourceTree = "<group>"; };
		3F70CB0A1D38512A00D77587 /* ic_action_next_item.png */ = {isa = PBXFileReference; lastKnownFileType = image.png; name = ic_action_next_item.png; path = "../../../../Downloads/Support Files/ic_action_next_item.png"; sourceTree = "<group>"; };
		3F70CB0B1D38512A00D77587 /* ic_action_previous_item.png */ = {isa = PBXFileReference; lastKnownFileType = image.png; name = ic_action_previous_item.png; path = "../../../../Downloads/Support Files/ic_action_previous_item.png"; sourceTree = "<group>"; };
/* End PBXFileReference section */

/* Begin PBXFrameworksBuildPhase section */
		3F70CAD61D38505000D77587 /* Frameworks */ = {
			isa = PBXFrameworksBuildPhase;
			buildActionMask = 2147483647;
			files = (
			);
			runOnlyForDeploymentPostprocessing = 0;
		};
		3F70CAEA1D38505100D77587 /* Frameworks */ = {
			isa = PBXFrameworksBuildPhase;
			buildActionMask = 2147483647;
			files = (
			);
			runOnlyForDeploymentPostprocessing = 0;
		};
		3F70CAF51D38505100D77587 /* Frameworks */ = {
			isa = PBXFrameworksBuildPhase;
			buildActionMask = 2147483647;
			files = (
			);
			runOnlyForDeploymentPostprocessing = 0;
		};
/* End PBXFrameworksBuildPhase section */

/* Begin PBXGroup section */
		3F70CAD01D38505000D77587 = {
			isa = PBXGroup;
			children = (
				3F70CADB1D38505000D77587 /* InClass04(b) */,
				3F70CAF01D38505100D77587 /* InClass04(b)Tests */,
				3F70CAFB1D38505100D77587 /* InClass04(b)UITests */,
				3F70CADA1D38505000D77587 /* Products */,
			);
			sourceTree = "<group>";
		};
		3F70CADA1D38505000D77587 /* Products */ = {
			isa = PBXGroup;
			children = (
				3F70CAD91D38505000D77587 /* InClass04(b).app */,
				3F70CAED1D38505100D77587 /* InClass04(b)Tests.xctest */,
				3F70CAF81D38505100D77587 /* InClass04(b)UITests.xctest */,
			);
			name = Products;
			sourceTree = "<group>";
		};
		3F70CADB1D38505000D77587 /* InClass04(b) */ = {
			isa = PBXGroup;
			children = (
				3F70CADC1D38505000D77587 /* AppDelegate.swift */,
				3F70CADE1D38505000D77587 /* ViewController.swift */,
				3F70CAE01D38505000D77587 /* Main.storyboard */,
				3F70CAE31D38505000D77587 /* Assets.xcassets */,
				3F70CAE51D38505000D77587 /* LaunchScreen.storyboard */,
				3F70CAE81D38505000D77587 /* Info.plist */,
				3F70CB0A1D38512A00D77587 /* ic_action_next_item.png */,
				3F70CB0B1D38512A00D77587 /* ic_action_previous_item.png */,
			);
			path = "InClass04(b)";
			sourceTree = "<group>";
		};
		3F70CAF01D38505100D77587 /* InClass04(b)Tests */ = {
			isa = PBXGroup;
			children = (
				3F70CAF11D38505100D77587 /* InClass04_b_Tests.swift */,
				3F70CAF31D38505100D77587 /* Info.plist */,
			);
			path = "InClass04(b)Tests";
			sourceTree = "<group>";
		};
		3F70CAFB1D38505100D77587 /* InClass04(b)UITests */ = {
			isa = PBXGroup;
			children = (
				3F70CAFC1D38505100D77587 /* InClass04_b_UITests.swift */,
				3F70CAFE1D38505100D77587 /* Info.plist */,
			);
			path = "InClass04(b)UITests";
			sourceTree = "<group>";
		};
/* End PBXGroup section */

/* Begin PBXNativeTarget section */
		3F70CAD81D38505000D77587 /* InClass04(b) */ = {
			isa = PBXNativeTarget;
			buildConfigurationList = 3F70CB011D38505100D77587 /* Build configuration list for PBXNativeTarget "InClass04(b)" */;
			buildPhases = (
				3F70CAD51D38505000D77587 /* Sources */,
				3F70CAD61D38505000D77587 /* Frameworks */,
				3F70CAD71D38505000D77587 /* Resources */,
			);
			buildRules = (
			);
			dependencies = (
			);
			name = "InClass04(b)";
			productName = "InClass04(b)";
			productReference = 3F70CAD91D38505000D77587 /* InClass04(b).app */;
			productType = "com.apple.product-type.application";
		};
		3F70CAEC1D38505100D77587 /* InClass04(b)Tests */ = {
			isa = PBXNativeTarget;
			buildConfigurationList = 3F70CB041D38505100D77587 /* Build configuration list for PBXNativeTarget "InClass04(b)Tests" */;
			buildPhases = (
				3F70CAE91D38505100D77587 /* Sources */,
				3F70CAEA1D38505100D77587 /* Frameworks */,
				3F70CAEB1D38505100D77587 /* Resources */,
			);
			buildRules = (
			);
			dependencies = (
				3F70CAEF1D38505100D77587 /* PBXTargetDependency */,
			);
			name = "InClass04(b)Tests";
			productName = "InClass04(b)Tests";
			productReference = 3F70CAED1D38505100D77587 /* InClass04(b)Tests.xctest */;
			productType = "com.apple.product-type.bundle.unit-test";
		};
		3F70CAF71D38505100D77587 /* InClass04(b)UITests */ = {
			isa = PBXNativeTarget;
			buildConfigurationList = 3F70CB071D38505100D77587 /* Build configuration list for PBXNativeTarget "InClass04(b)UITests" */;
			buildPhases = (
				3F70CAF41D38505100D77587 /* Sources */,
				3F70CAF51D38505100D77587 /* Frameworks */,
				3F70CAF61D38505100D77587 /* Resources */,
			);
			buildRules = (
			);
			dependencies = (
				3F70CAFA1D38505100D77587 /* PBXTargetDependency */,
			);
			name = "InClass04(b)UITests";
			productName = "InClass04(b)UITests";
			productReference = 3F70CAF81D38505100D77587 /* InClass04(b)UITests.xctest */;
			productType = "com.apple.product-type.bundle.ui-testing";
		};
/* End PBXNativeTarget section */

/* Begin PBXProject section */
		3F70CAD11D38505000D77587 /* Project object */ = {
			isa = PBXProject;
			attributes = {
				LastSwiftUpdateCheck = 0730;
				LastUpgradeCheck = 0730;
				ORGANIZATIONNAME = mnr_iOS;
				TargetAttributes = {
					3F70CAD81D38505000D77587 = {
						CreatedOnToolsVersion = 7.3.1;
					};
					3F70CAEC1D38505100D77587 = {
						CreatedOnToolsVersion = 7.3.1;
						TestTargetID = 3F70CAD81D38505000D77587;
					};
					3F70CAF71D38505100D77587 = {
						CreatedOnToolsVersion = 7.3.1;
						TestTargetID = 3F70CAD81D38505000D77587;
					};
				};
			};
			buildConfigurationList = 3F70CAD41D38505000D77587 /* Build configuration list for PBXProject "InClass04(b)" */;
			compatibilityVersion = "Xcode 3.2";
			developmentRegion = English;
			hasScannedForEncodings = 0;
			knownRegions = (
				en,
				Base,
			);
			mainGroup = 3F70CAD01D38505000D77587;
			productRefGroup = 3F70CADA1D38505000D77587 /* Products */;
			projectDirPath = "";
			projectRoot = "";
			targets = (
				3F70CAD81D38505000D77587 /* InClass04(b) */,
				3F70CAEC1D38505100D77587 /* InClass04(b)Tests */,
				3F70CAF71D38505100D77587 /* InClass04(b)UITests */,
			);
		};
/* End PBXProject section */

/* Begin PBXResourcesBuildPhase section */
		3F70CAD71D38505000D77587 /* Resources */ = {
			isa = PBXResourcesBuildPhase;
			buildActionMask = 2147483647;
			files = (
				3F70CAE71D38505000D77587 /* LaunchScreen.storyboard in Resources */,
				3F70CAE41D38505000D77587 /* Assets.xcassets in Resources */,
				3F70CB0D1D38512A00D77587 /* ic_action_previous_item.png in Resources */,
				3F70CAE21D38505000D77587 /* Main.storyboard in Resources */,
				3F70CB0C1D38512A00D77587 /* ic_action_next_item.png in Resources */,
			);
			runOnlyForDeploymentPostprocessing = 0;
		};
		3F70CAEB1D38505100D77587 /* Resources */ = {
			isa = PBXResourcesBuildPhase;
			buildActionMask = 2147483647;
			files = (
			);
			runOnlyForDeploymentPostprocessing = 0;
		};
		3F70CAF61D38505100D77587 /* Resources */ = {
			isa = PBXResourcesBuildPhase;
			buildActionMask = 2147483647;
			files = (
			);
			runOnlyForDeploymentPostprocessing = 0;
		};
/* End PBXResourcesBuildPhase section */

/* Begin PBXSourcesBuildPhase section */
		3F70CAD51D38505000D77587 /* Sources */ = {
			isa = PBXSourcesBuildPhase;
			buildActionMask = 2147483647;
			files = (
				3F70CADF1D38505000D77587 /* ViewController.swift in Sources */,
				3F70CADD1D38505000D77587 /* AppDelegate.swift in Sources */,
			);
			runOnlyForDeploymentPostprocessing = 0;
		};
		3F70CAE91D38505100D77587 /* Sources */ = {
			isa = PBXSourcesBuildPhase;
			buildActionMask = 2147483647;
			files = (
				3F70CAF21D38505100D77587 /* InClass04_b_Tests.swift in Sources */,
			);
			runOnlyForDeploymentPostprocessing = 0;
		};
		3F70CAF41D38505100D77587 /* Sources */ = {
			isa = PBXSourcesBuildPhase;
			buildActionMask = 2147483647;
			files = (
				3F70CAFD1D38505100D77587 /* InClass04_b_UITests.swift in Sources */,
			);
			runOnlyForDeploymentPostprocessing = 0;
		};
/* End PBXSourcesBuildPhase section */

/* Begin PBXTargetDependency section */
		3F70CAEF1D38505100D77587 /* PBXTargetDependency */ = {
			isa = PBXTargetDependency;
			target = 3F70CAD81D38505000D77587 /* InClass04(b) */;
			targetProxy = 3F70CAEE1D38505100D77587 /* PBXContainerItemProxy */;
		};
		3F70CAFA1D38505100D77587 /* PBXTargetDependency */ = {
			isa = PBXTargetDependency;
			target = 3F70CAD81D38505000D77587 /* InClass04(b) */;
			targetProxy = 3F70CAF91D38505100D77587 /* PBXContainerItemProxy */;
		};
/* End PBXTargetDependency section */

/* Begin PBXVariantGroup section */
		3F70CAE01D38505000D77587 /* Main.storyboard */ = {
			isa = PBXVariantGroup;
			children = (
				3F70CAE11D38505000D77587 /* Base */,
			);
			name = Main.storyboard;
			sourceTree = "<group>";
		};
		3F70CAE51D38505000D77587 /* LaunchScreen.storyboard */ = {
			isa = PBXVariantGroup;
			children = (
				3F70CAE61D38505000D77587 /* Base */,
			);
			name = LaunchScreen.storyboard;
			sourceTree = "<group>";
		};
/* End PBXVariantGroup section */

/* Begin XCBuildConfiguration section */
		3F70CAFF1D38505100D77587 /* Debug */ = {
			isa = XCBuildConfiguration;
			buildSettings = {
				ALWAYS_SEARCH_USER_PATHS = NO;
				CLANG_ANALYZER_NONNULL = YES;
				CLANG_CXX_LANGUAGE_STANDARD = "gnu++0x";
				CLANG_CXX_LIBRARY = "libc++";
				CLANG_ENABLE_MODULES = YES;
				CLANG_ENABLE_OBJC_ARC = YES;
				CLANG_WARN_BOOL_CONVERSION = YES;
				CLANG_WARN_CONSTANT_CONVERSION = YES;
				CLANG_WARN_DIRECT_OBJC_ISA_USAGE = YES_ERROR;
				CLANG_WARN_EMPTY_BODY = YES;
				CLANG_WARN_ENUM_CONVERSION = YES;
				CLANG_WARN_INT_CONVERSION = YES;
				CLANG_WARN_OBJC_ROOT_CLASS = YES_ERROR;
				CLANG_WARN_UNREACHABLE_CODE = YES;
				CLANG_WARN__DUPLICATE_METHOD_MATCH = YES;
				"CODE_SIGN_IDENTITY[sdk=iphoneos*]" = "iPhone Developer";
				COPY_PHASE_STRIP = NO;
				DEBUG_INFORMATION_FORMAT = dwarf;
				ENABLE_STRICT_OBJC_MSGSEND = YES;
				ENABLE_TESTABILITY = YES;
				GCC_C_LANGUAGE_STANDARD = gnu99;
				GCC_DYNAMIC_NO_PIC = NO;
				GCC_NO_COMMON_BLOCKS = YES;
				GCC_OPTIMIZATION_LEVEL = 0;
				GCC_PREPROCESSOR_DEFINITIONS = (
					"DEBUG=1",
					"$(inherited)",
				);
				GCC_WARN_64_TO_32_BIT_CONVERSION = YES;
				GCC_WARN_ABOUT_RETURN_TYPE = YES_ERROR;
				GCC_WARN_UNDECLARED_SELECTOR = YES;
				GCC_WARN_UNINITIALIZED_AUTOS = YES_AGGRESSIVE;
				GCC_WARN_UNUSED_FUNCTION = YES;
				GCC_WARN_UNUSED_VARIABLE = YES;
				IPHONEOS_DEPLOYMENT_TARGET = 9.3;
				MTL_ENABLE_DEBUG_INFO = YES;
				ONLY_ACTIVE_ARCH = YES;
				SDKROOT = iphoneos;
				SWIFT_OPTIMIZATION_LEVEL = "-Onone";
				TARGETED_DEVICE_FAMILY = "1,2";
			};
			name = Debug;
		};
		3F70CB001D38505100D77587 /* Release */ = {
			isa = XCBuildConfiguration;
			buildSettings = {
				ALWAYS_SEARCH_USER_PATHS = NO;
				CLANG_ANALYZER_NONNULL = YES;
				CLANG_CXX_LANGUAGE_STANDARD = "gnu++0x";
				CLANG_CXX_LIBRARY = "libc++";
				CLANG_ENABLE_MODULES = YES;
				CLANG_ENABLE_OBJC_ARC = YES;
				CLANG_WARN_BOOL_CONVERSION = YES;
				CLANG_WARN_CONSTANT_CONVERSION = YES;
				CLANG_WARN_DIRECT_OBJC_ISA_USAGE = YES_ERROR;
				CLANG_WARN_EMPTY_BODY = YES;
				CLANG_WARN_ENUM_CONVERSION = YES;
				CLANG_WARN_INT_CONVERSION = YES;
				CLANG_WARN_OBJC_ROOT_CLASS = YES_ERROR;
				CLANG_WARN_UNREACHABLE_CODE = YES;
				CLANG_WARN__DUPLICATE_METHOD_MATCH = YES;
				"CODE_SIGN_IDENTITY[sdk=iphoneos*]" = "iPhone Developer";
				COPY_PHASE_STRIP = NO;
				DEBUG_INFORMATION_FORMAT = "dwarf-with-dsym";
				ENABLE_NS_ASSERTIONS = NO;
				ENABLE_STRICT_OBJC_MSGSEND = YES;
				GCC_C_LANGUAGE_STANDARD = gnu99;
				GCC_NO_COMMON_BLOCKS = YES;
				GCC_WARN_64_TO_32_BIT_CONVERSION = YES;
				GCC_WARN_ABOUT_RETURN_TYPE = YES_ERROR;
				GCC_WARN_UNDECLARED_SELECTOR = YES;
				GCC_WARN_UNINITIALIZED_AUTOS = YES_AGGRESSIVE;
				GCC_WARN_UNUSED_FUNCTION = YES;
				GCC_WARN_UNUSED_VARIABLE = YES;
				IPHONEOS_DEPLOYMENT_TARGET = 9.3;
				MTL_ENABLE_DEBUG_INFO = NO;
				SDKROOT = iphoneos;
				TARGETED_DEVICE_FAMILY = "1,2";
				VALIDATE_PRODUCT = YES;
			};
			name = Release;
		};
		3F70CB021D38505100D77587 /* Debug */ = {
			isa = XCBuildConfiguration;
			buildSettings = {
				ASSETCATALOG_COMPILER_APPICON_NAME = AppIcon;
				INFOPLIST_FILE = "InClass04(b)/Info.plist";
				LD_RUNPATH_SEARCH_PATHS = "$(inherited) @executable_path/Frameworks";
				PRODUCT_BUNDLE_IDENTIFIER = "mnr-iOS.InClass04-b-";
				PRODUCT_NAME = "$(TARGET_NAME)";
			};
			name = Debug;
		};
		3F70CB031D38505100D77587 /* Release */ = {
			isa = XCBuildConfiguration;
			buildSettings = {
				ASSETCATALOG_COMPILER_APPICON_NAME = AppIcon;
				INFOPLIST_FILE = "InClass04(b)/Info.plist";
				LD_RUNPATH_SEARCH_PATHS = "$(inherited) @executable_path/Frameworks";
				PRODUCT_BUNDLE_IDENTIFIER = "mnr-iOS.InClass04-b-";
				PRODUCT_NAME = "$(TARGET_NAME)";
			};
			name = Release;
		};
		3F70CB051D38505100D77587 /* Debug */ = {
			isa = XCBuildConfiguration;
			buildSettings = {
				BUNDLE_LOADER = "$(TEST_HOST)";
				INFOPLIST_FILE = "InClass04(b)Tests/Info.plist";
				LD_RUNPATH_SEARCH_PATHS = "$(inherited) @executable_path/Frameworks @loader_path/Frameworks";
				PRODUCT_BUNDLE_IDENTIFIER = "mnr-iOS.InClass04-b-Tests";
				PRODUCT_NAME = "$(TARGET_NAME)";
				TEST_HOST = "$(BUILT_PRODUCTS_DIR)/InClass04(b).app/InClass04(b)";
			};
			name = Debug;
		};
		3F70CB061D38505100D77587 /* Release */ = {
			isa = XCBuildConfiguration;
			buildSettings = {
				BUNDLE_LOADER = "$(TEST_HOST)";
				INFOPLIST_FILE = "InClass04(b)Tests/Info.plist";
				LD_RUNPATH_SEARCH_PATHS = "$(inherited) @executable_path/Frameworks @loader_path/Frameworks";
				PRODUCT_BUNDLE_IDENTIFIER = "mnr-iOS.InClass04-b-Tests";
				PRODUCT_NAME = "$(TARGET_NAME)";
				TEST_HOST = "$(BUILT_PRODUCTS_DIR)/InClass04(b).app/InClass04(b)";
			};
			name = Release;
		};
		3F70CB081D38505100D77587 /* Debug */ = {
			isa = XCBuildConfiguration;
			buildSettings = {
				INFOPLIST_FILE = "InClass04(b)UITests/Info.plist";
				LD_RUNPATH_SEARCH_PATHS = "$(inherited) @executable_path/Frameworks @loader_path/Frameworks";
				PRODUCT_BUNDLE_IDENTIFIER = "mnr-iOS.InClass04-b-UITests";
				PRODUCT_NAME = "$(TARGET_NAME)";
				TEST_TARGET_NAME = "InClass04(b)";
			};
			name = Debug;
		};
		3F70CB091D38505100D77587 /* Release */ = {
			isa = XCBuildConfiguration;
			buildSettings = {
				INFOPLIST_FILE = "InClass04(b)UITests/Info.plist";
				LD_RUNPATH_SEARCH_PATHS = "$(inherited) @executable_path/Frameworks @loader_path/Frameworks";
				PRODUCT_BUNDLE_IDENTIFIER = "mnr-iOS.InClass04-b-UITests";
				PRODUCT_NAME = "$(TARGET_NAME)";
				TEST_TARGET_NAME = "InClass04(b)";
			};
			name = Release;
		};
/* End XCBuildConfiguration section */

/* Begin XCConfigurationList section */
		3F70CAD41D38505000D77587 /* Build configuration list for PBXProject "InClass04(b)" */ = {
			isa = XCConfigurationList;
			buildConfigurations = (
				3F70CAFF1D38505100D77587 /* Debug */,
				3F70CB001D38505100D77587 /* Release */,
			);
			defaultConfigurationIsVisible = 0;
			defaultConfigurationName = Release;
		};
		3F70CB011D38505100D77587 /* Build configuration list for PBXNativeTarget "InClass04(b)" */ = {
			isa = XCConfigurationList;
			buildConfigurations = (
				3F70CB021D38505100D77587 /* Debug */,
				3F70CB031D38505100D77587 /* Release */,
			);
			defaultConfigurationIsVisible = 0;
		};
		3F70CB041D38505100D77587 /* Build configuration list for PBXNativeTarget "InClass04(b)Tests" */ = {
			isa = XCConfigurationList;
			buildConfigurations = (
				3F70CB051D38505100D77587 /* Debug */,
				3F70CB061D38505100D77587 /* Release */,
			);
			defaultConfigurationIsVisible = 0;
		};
		3F70CB071D38505100D77587 /* Build configuration list for PBXNativeTarget "InClass04(b)UITests" */ = {
			isa = XCConfigurationList;
			buildConfigurations = (
				3F70CB081D38505100D77587 /* Debug */,
				3F70CB091D38505100D77587 /* Release */,
			);
			defaultConfigurationIsVisible = 0;
		};
/* End XCConfigurationList section */
	};
	rootObject = 3F70CAD11D38505000D77587 /* Project object */;
}
